
Microsoft Visual Studio Solution File, Format Version 12.00
# Visual Studio Version 17
VisualStudioVersion = 17.7.34024.191
MinimumVisualStudioVersion = 10.0.40219.1
Project("{FAE04EC0-301F-11D3-BF4B-00C04F79EFBC}") = "Calculator", "Calculator\Calculator.csproj", "{889774D5-F389-4056-A270-34FFBB3433E2}"
EndProject
Global
	GlobalSection(SolutionConfigurationPlatforms) = preSolution
		Debug|Any CPU = Debug|Any CPU
		Release|Any CPU = Release|Any CPU
	EndGlobalSection
	GlobalSection(ProjectConfigurationPlatforms) = postSolution
		{889774D5-F389-4056-A270-34FFBB3433E2}.Debug|Any CPU.ActiveCfg = Debug|Any CPU
		{889774D5-F389-4056-A270-34FFBB3433E2}.Debug|Any CPU.Build.0 = Debug|Any CPU
		{889774D5-F389-4056-A270-34FFBB3433E2}.Release|Any CPU.ActiveCfg = Release|Any CPU
		{889774D5-F389-4056-A270-34FFBB3433E2}.Release|Any CPU.Build.0 = Release|Any CPU
	EndGlobalSection
	GlobalSection(SolutionProperties) = preSolution
		HideSolutionNode = FALSE
	EndGlobalSection
	GlobalSection(ExtensibilityGlobals) = postSolution
		SolutionGuid = {6DBC975A-72CC-414D-A030-FC3DB16CA463}
	EndGlobalSection
EndGlobal
