
Microsoft Visual Studio Solution File, Format Version 12.00
# Visual Studio Version 17
VisualStudioVersion = 17.7.34031.279
MinimumVisualStudioVersion = 10.0.40219.1
Project("{FAE04EC0-301F-11D3-BF4B-00C04F79EFBC}") = "SpeedTest", "SpeedTest\SpeedTest.csproj", "{ECA277C3-E0C2-4BF0-ADFE-D39BE8D6C11B}"
EndProject
Global
	GlobalSection(SolutionConfigurationPlatforms) = preSolution
		Debug|Any CPU = Debug|Any CPU
		Release|Any CPU = Release|Any CPU
	EndGlobalSection
	GlobalSection(ProjectConfigurationPlatforms) = postSolution
		{ECA277C3-E0C2-4BF0-ADFE-D39BE8D6C11B}.Debug|Any CPU.ActiveCfg = Debug|Any CPU
		{ECA277C3-E0C2-4BF0-ADFE-D39BE8D6C11B}.Debug|Any CPU.Build.0 = Debug|Any CPU
		{ECA277C3-E0C2-4BF0-ADFE-D39BE8D6C11B}.Release|Any CPU.ActiveCfg = Release|Any CPU
		{ECA277C3-E0C2-4BF0-ADFE-D39BE8D6C11B}.Release|Any CPU.Build.0 = Release|Any CPU
	EndGlobalSection
	GlobalSection(SolutionProperties) = preSolution
		HideSolutionNode = FALSE
	EndGlobalSection
	GlobalSection(ExtensibilityGlobals) = postSolution
		SolutionGuid = {F3363419-02A4-4C9B-800E-51CF4775DD03}
	EndGlobalSection
EndGlobal
