
Microsoft Visual Studio Solution File, Format Version 12.00
# Visual Studio Version 17
VisualStudioVersion = 17.7.34024.191
MinimumVisualStudioVersion = 10.0.40219.1
Project("{FAE04EC0-301F-11D3-BF4B-00C04F79EFBC}") = "TreeProgram", "TreeProgram\TreeProgram.csproj", "{713D4665-1E92-493F-B0B6-A17C322463B1}"
EndProject
Global
	GlobalSection(SolutionConfigurationPlatforms) = preSolution
		Debug|Any CPU = Debug|Any CPU
		Release|Any CPU = Release|Any CPU
	EndGlobalSection
	GlobalSection(ProjectConfigurationPlatforms) = postSolution
		{713D4665-1E92-493F-B0B6-A17C322463B1}.Debug|Any CPU.ActiveCfg = Debug|Any CPU
		{713D4665-1E92-493F-B0B6-A17C322463B1}.Debug|Any CPU.Build.0 = Debug|Any CPU
		{713D4665-1E92-493F-B0B6-A17C322463B1}.Release|Any CPU.ActiveCfg = Release|Any CPU
		{713D4665-1E92-493F-B0B6-A17C322463B1}.Release|Any CPU.Build.0 = Release|Any CPU
	EndGlobalSection
	GlobalSection(SolutionProperties) = preSolution
		HideSolutionNode = FALSE
	EndGlobalSection
	GlobalSection(ExtensibilityGlobals) = postSolution
		SolutionGuid = {8682B91D-DDD1-4816-9EC7-18A35DE151B4}
	EndGlobalSection
EndGlobal
