
Microsoft Visual Studio Solution File, Format Version 12.00
# Visual Studio Version 17
VisualStudioVersion = 17.7.34024.191
MinimumVisualStudioVersion = 10.0.40219.1
Project("{FAE04EC0-301F-11D3-BF4B-00C04F79EFBC}") = "WpfApp1", "WpfApp1.csproj", "{12D8CE2E-312B-4385-81DA-0596A14B4335}"
EndProject
Global
	GlobalSection(SolutionConfigurationPlatforms) = preSolution
		Debug|Any CPU = Debug|Any CPU
		Release|Any CPU = Release|Any CPU
	EndGlobalSection
	GlobalSection(ProjectConfigurationPlatforms) = postSolution
		{12D8CE2E-312B-4385-81DA-0596A14B4335}.Debug|Any CPU.ActiveCfg = Debug|Any CPU
		{12D8CE2E-312B-4385-81DA-0596A14B4335}.Debug|Any CPU.Build.0 = Debug|Any CPU
		{12D8CE2E-312B-4385-81DA-0596A14B4335}.Release|Any CPU.ActiveCfg = Release|Any CPU
		{12D8CE2E-312B-4385-81DA-0596A14B4335}.Release|Any CPU.Build.0 = Release|Any CPU
	EndGlobalSection
	GlobalSection(SolutionProperties) = preSolution
		HideSolutionNode = FALSE
	EndGlobalSection
	GlobalSection(ExtensibilityGlobals) = postSolution
		SolutionGuid = {7E929A29-4602-42C2-9165-A6A5F19E73BA}
	EndGlobalSection
EndGlobal
